
Microsoft Visual Studio Solution File, Format Version 12.00
# Visual Studio Version 16
VisualStudioVersion = 16.0.33801.447
MinimumVisualStudioVersion = 10.0.40219.1
Project("{9092AA53-FB77-4645-B42D-1CCCA6BD08BD}") = "AutoGUI", "AutoGUI.njsproj", "{46F2861E-3370-4E5F-928D-A757CE0620C2}"
EndProject
Global
	GlobalSection(SolutionConfigurationPlatforms) = preSolution
		Debug|Any CPU = Debug|Any CPU
		Release|Any CPU = Release|Any CPU
	EndGlobalSection
	GlobalSection(ProjectConfigurationPlatforms) = postSolution
		{46F2861E-3370-4E5F-928D-A757CE0620C2}.Debug|Any CPU.ActiveCfg = Debug|Any CPU
		{46F2861E-3370-4E5F-928D-A757CE0620C2}.Debug|Any CPU.Build.0 = Debug|Any CPU
		{46F2861E-3370-4E5F-928D-A757CE0620C2}.Release|Any CPU.ActiveCfg = Release|Any CPU
		{46F2861E-3370-4E5F-928D-A757CE0620C2}.Release|Any CPU.Build.0 = Release|Any CPU
	EndGlobalSection
	GlobalSection(SolutionProperties) = preSolution
		HideSolutionNode = FALSE
	EndGlobalSection
	GlobalSection(ExtensibilityGlobals) = postSolution
		SolutionGuid = {D3B38B90-64B8-48DA-B983-7E5047AFB538}
	EndGlobalSection
EndGlobal
